
Microsoft Visual Studio Solution File, Format Version 12.00
# Visual Studio 14
VisualStudioVersion = 14.0.23107.0
MinimumVisualStudioVersion = 10.0.40219.1
Project("{FAE04EC0-301F-11D3-BF4B-00C04F79EFBC}") = "OnlineShop", "OnlineShop\OnlineShop.csproj", "{5FBA46B2-FEEC-4FCE-ABB7-4AFDCAD353EA}"
EndProject
Global
	GlobalSection(SolutionConfigurationPlatforms) = preSolution
		Debug|Any CPU = Debug|Any CPU
		Release|Any CPU = Release|Any CPU
	EndGlobalSection
	GlobalSection(ProjectConfigurationPlatforms) = postSolution
		{5FBA46B2-FEEC-4FCE-ABB7-4AFDCAD353EA}.Debug|Any CPU.ActiveCfg = Debug|Any CPU
		{5FBA46B2-FEEC-4FCE-ABB7-4AFDCAD353EA}.Debug|Any CPU.Build.0 = Debug|Any CPU
		{5FBA46B2-FEEC-4FCE-ABB7-4AFDCAD353EA}.Release|Any CPU.ActiveCfg = Release|Any CPU
		{5FBA46B2-FEEC-4FCE-ABB7-4AFDCAD353EA}.Release|Any CPU.Build.0 = Release|Any CPU
	EndGlobalSection
	GlobalSection(SolutionProperties) = preSolution
		HideSolutionNode = FALSE
	EndGlobalSection
EndGlobal
